
Microsoft Visual Studio Solution File, Format Version 12.00
# Visual Studio Version 17
VisualStudioVersion = 17.14.36414.22 d17.14
MinimumVisualStudioVersion = 10.0.40219.1
Project("{FAE04EC0-301F-11D3-BF4B-00C04F79EFBC}") = "LibrarySystemAPI", "LibrarySystemAPI\LibrarySystemAPI.csproj", "{DC5BFE08-F644-42D3-BE1C-7C8E2C69C9A1}"
EndProject
Global
	GlobalSection(SolutionConfigurationPlatforms) = preSolution
		Debug|Any CPU = Debug|Any CPU
		Release|Any CPU = Release|Any CPU
	EndGlobalSection
	GlobalSection(ProjectConfigurationPlatforms) = postSolution
		{DC5BFE08-F644-42D3-BE1C-7C8E2C69C9A1}.Debug|Any CPU.ActiveCfg = Debug|Any CPU
		{DC5BFE08-F644-42D3-BE1C-7C8E2C69C9A1}.Debug|Any CPU.Build.0 = Debug|Any CPU
		{DC5BFE08-F644-42D3-BE1C-7C8E2C69C9A1}.Release|Any CPU.ActiveCfg = Release|Any CPU
		{DC5BFE08-F644-42D3-BE1C-7C8E2C69C9A1}.Release|Any CPU.Build.0 = Release|Any CPU
	EndGlobalSection
	GlobalSection(SolutionProperties) = preSolution
		HideSolutionNode = FALSE
	EndGlobalSection
	GlobalSection(ExtensibilityGlobals) = postSolution
		SolutionGuid = {3708106F-3E76-44AF-9AA9-14CF3344CD7B}
	EndGlobalSection
EndGlobal
